// !$*UTF8*$!
{
	archiveVersion = 1;
	classes = {
	};
	objectVersion = 56;
	objects = {

/* Begin PBXBuildFile section */
		38D20DC12B5533AE00ECF628 /* Extentions.swift in Sources */ = {isa = PBXBuildFile; fileRef = 38D20DC02B5533AE00ECF628 /* Extentions.swift */; };
		38D20DC32B58013300ECF628 /* NumberController.swift in Sources */ = {isa = PBXBuildFile; fileRef = 38D20DC22B58013300ECF628 /* NumberController.swift */; };
		38D20DC52B58014600ECF628 /* OtpController.swift in Sources */ = {isa = PBXBuildFile; fileRef = 38D20DC42B58014600ECF628 /* OtpController.swift */; };
		38D20DC82B59440D00ECF628 /* SkyFloatingLabelTextField in Frameworks */ = {isa = PBXBuildFile; productRef = 38D20DC72B59440D00ECF628 /* SkyFloatingLabelTextField */; };
		38D20DCA2B5BC1C600ECF628 /* String+EXT.swift in Sources */ = {isa = PBXBuildFile; fileRef = 38D20DC92B5BC1C600ECF628 /* String+EXT.swift */; };
		38D20DCC2B5C034600ECF628 /* SelectAccountController.swift in Sources */ = {isa = PBXBuildFile; fileRef = 38D20DCB2B5C034600ECF628 /* SelectAccountController.swift */; };
		38D20DD02B65A38400ECF628 /* PersonalAccountController.swift in Sources */ = {isa = PBXBuildFile; fileRef = 38D20DCF2B65A38400ECF628 /* PersonalAccountController.swift */; };
		38D20DD22B65A39700ECF628 /* AgentAccountController.swift in Sources */ = {isa = PBXBuildFile; fileRef = 38D20DD12B65A39700ECF628 /* AgentAccountController.swift */; };
		38D20DD42B66D13B00ECF628 /* PersonalPhotoController.swift in Sources */ = {isa = PBXBuildFile; fileRef = 38D20DD32B66D13B00ECF628 /* PersonalPhotoController.swift */; };
		38D20DD62B66D14B00ECF628 /* AgentPhotoController.swift in Sources */ = {isa = PBXBuildFile; fileRef = 38D20DD52B66D14B00ECF628 /* AgentPhotoController.swift */; };
		38D20DD82B66F64300ECF628 /* TabViewController.swift in Sources */ = {isa = PBXBuildFile; fileRef = 38D20DD72B66F64300ECF628 /* TabViewController.swift */; };
		38D20DDF2B66F81C00ECF628 /* HomeController.swift in Sources */ = {isa = PBXBuildFile; fileRef = 38D20DDE2B66F81C00ECF628 /* HomeController.swift */; };
		38D20DE12B66F82800ECF628 /* DiscoverController.swift in Sources */ = {isa = PBXBuildFile; fileRef = 38D20DE02B66F82800ECF628 /* DiscoverController.swift */; };
		38D20DE32B66F83300ECF628 /* ProfileController.swift in Sources */ = {isa = PBXBuildFile; fileRef = 38D20DE22B66F83300ECF628 /* ProfileController.swift */; };
		38D20DE52B684DDF00ECF628 /* UserBuilder.swift in Sources */ = {isa = PBXBuildFile; fileRef = 38D20DE42B684DDF00ECF628 /* UserBuilder.swift */; };
		38D20DE72B684F4F00ECF628 /* UserModel.swift in Sources */ = {isa = PBXBuildFile; fileRef = 38D20DE62B684F4F00ECF628 /* UserModel.swift */; };
		38D20DEA2B6ADA7B00ECF628 /* NumberViewModel.swift in Sources */ = {isa = PBXBuildFile; fileRef = 38D20DE92B6ADA7B00ECF628 /* NumberViewModel.swift */; };
		38D20DED2B6ADCA200ECF628 /* OtpViewModel.swift in Sources */ = {isa = PBXBuildFile; fileRef = 38D20DEC2B6ADCA200ECF628 /* OtpViewModel.swift */; };
		38D20DF02B6ADF7000ECF628 /* SelectAccountViewModel.swift in Sources */ = {isa = PBXBuildFile; fileRef = 38D20DEF2B6ADF7000ECF628 /* SelectAccountViewModel.swift */; };
		38FB351B2B51756B00E9DA40 /* AppDelegate.swift in Sources */ = {isa = PBXBuildFile; fileRef = 38FB351A2B51756B00E9DA40 /* AppDelegate.swift */; };
		38FB351D2B51756B00E9DA40 /* SceneDelegate.swift in Sources */ = {isa = PBXBuildFile; fileRef = 38FB351C2B51756B00E9DA40 /* SceneDelegate.swift */; };
		38FB351F2B51756B00E9DA40 /* FirstController.swift in Sources */ = {isa = PBXBuildFile; fileRef = 38FB351E2B51756B00E9DA40 /* FirstController.swift */; };
		38FB35252B51756B00E9DA40 /* Hous.xcdatamodeld in Sources */ = {isa = PBXBuildFile; fileRef = 38FB35232B51756B00E9DA40 /* Hous.xcdatamodeld */; };
		38FB35272B51756C00E9DA40 /* Assets.xcassets in Resources */ = {isa = PBXBuildFile; fileRef = 38FB35262B51756C00E9DA40 /* Assets.xcassets */; };
		38FB35362B51756C00E9DA40 /* HousTests.swift in Sources */ = {isa = PBXBuildFile; fileRef = 38FB35352B51756C00E9DA40 /* HousTests.swift */; };
		38FB35402B51756C00E9DA40 /* HousUITests.swift in Sources */ = {isa = PBXBuildFile; fileRef = 38FB353F2B51756C00E9DA40 /* HousUITests.swift */; };
		38FB35422B51756C00E9DA40 /* HousUITestsLaunchTests.swift in Sources */ = {isa = PBXBuildFile; fileRef = 38FB35412B51756C00E9DA40 /* HousUITestsLaunchTests.swift */; };
		38FB35552B52C52A00E9DA40 /* LaunchScreen.storyboard in Resources */ = {isa = PBXBuildFile; fileRef = 38FB35542B52C52A00E9DA40 /* LaunchScreen.storyboard */; };
		38FB35572B52C85900E9DA40 /* LaunchAnimation.json in Resources */ = {isa = PBXBuildFile; fileRef = 38FB35562B52C85900E9DA40 /* LaunchAnimation.json */; };
		38FB355A2B52C94000E9DA40 /* Kingfisher in Frameworks */ = {isa = PBXBuildFile; productRef = 38FB35592B52C94000E9DA40 /* Kingfisher */; };
		38FB355E2B52C95A00E9DA40 /* Lottie in Frameworks */ = {isa = PBXBuildFile; productRef = 38FB355D2B52C95A00E9DA40 /* Lottie */; };
		38FB35612B52C96A00E9DA40 /* Alamofire in Frameworks */ = {isa = PBXBuildFile; productRef = 38FB35602B52C96A00E9DA40 /* Alamofire */; };
		38FB35652B52EFD900E9DA40 /* ReusableButton.swift in Sources */ = {isa = PBXBuildFile; fileRef = 38FB35642B52EFD900E9DA40 /* ReusableButton.swift */; };
		38FB35672B52FF0200E9DA40 /* SnapKit in Frameworks */ = {isa = PBXBuildFile; productRef = 38FB35662B52FF0200E9DA40 /* SnapKit */; };
		38FB35692B52FF0200E9DA40 /* SnapKit-Dynamic in Frameworks */ = {isa = PBXBuildFile; productRef = 38FB35682B52FF0200E9DA40 /* SnapKit-Dynamic */; };
/* End PBXBuildFile section */

/* Begin PBXContainerItemProxy section */
		38FB35322B51756C00E9DA40 /* PBXContainerItemProxy */ = {
			isa = PBXContainerItemProxy;
			containerPortal = 38FB350F2B51756B00E9DA40 /* Project object */;
			proxyType = 1;
			remoteGlobalIDString = 38FB35162B51756B00E9DA40;
			remoteInfo = Hous;
		};
		38FB353C2B51756C00E9DA40 /* PBXContainerItemProxy */ = {
			isa = PBXContainerItemProxy;
			containerPortal = 38FB350F2B51756B00E9DA40 /* Project object */;
			proxyType = 1;
			remoteGlobalIDString = 38FB35162B51756B00E9DA40;
			remoteInfo = Hous;
		};
/* End PBXContainerItemProxy section */

/* Begin PBXFileReference section */
		38D20DC02B5533AE00ECF628 /* Extentions.swift */ = {isa = PBXFileReference; lastKnownFileType = sourcecode.swift; path = Extentions.swift; sourceTree = "<group>"; };
		38D20DC22B58013300ECF628 /* NumberController.swift */ = {isa = PBXFileReference; lastKnownFileType = sourcecode.swift; path = NumberController.swift; sourceTree = "<group>"; };
		38D20DC42B58014600ECF628 /* OtpController.swift */ = {isa = PBXFileReference; lastKnownFileType = sourcecode.swift; path = OtpController.swift; sourceTree = "<group>"; };
		38D20DC92B5BC1C600ECF628 /* String+EXT.swift */ = {isa = PBXFileReference; lastKnownFileType = sourcecode.swift; path = "String+EXT.swift"; sourceTree = "<group>"; };
		38D20DCB2B5C034600ECF628 /* SelectAccountController.swift */ = {isa = PBXFileReference; lastKnownFileType = sourcecode.swift; path = SelectAccountController.swift; sourceTree = "<group>"; };
		38D20DCF2B65A38400ECF628 /* PersonalAccountController.swift */ = {isa = PBXFileReference; lastKnownFileType = sourcecode.swift; path = PersonalAccountController.swift; sourceTree = "<group>"; };
		38D20DD12B65A39700ECF628 /* AgentAccountController.swift */ = {isa = PBXFileReference; lastKnownFileType = sourcecode.swift; path = AgentAccountController.swift; sourceTree = "<group>"; };
		38D20DD32B66D13B00ECF628 /* PersonalPhotoController.swift */ = {isa = PBXFileReference; lastKnownFileType = sourcecode.swift; path = PersonalPhotoController.swift; sourceTree = "<group>"; };
		38D20DD52B66D14B00ECF628 /* AgentPhotoController.swift */ = {isa = PBXFileReference; lastKnownFileType = sourcecode.swift; path = AgentPhotoController.swift; sourceTree = "<group>"; };
		38D20DD72B66F64300ECF628 /* TabViewController.swift */ = {isa = PBXFileReference; lastKnownFileType = sourcecode.swift; path = TabViewController.swift; sourceTree = "<group>"; };
		38D20DDE2B66F81C00ECF628 /* HomeController.swift */ = {isa = PBXFileReference; lastKnownFileType = sourcecode.swift; path = HomeController.swift; sourceTree = "<group>"; };
		38D20DE02B66F82800ECF628 /* DiscoverController.swift */ = {isa = PBXFileReference; lastKnownFileType = sourcecode.swift; path = DiscoverController.swift; sourceTree = "<group>"; };
		38D20DE22B66F83300ECF628 /* ProfileController.swift */ = {isa = PBXFileReference; lastKnownFileType = sourcecode.swift; path = ProfileController.swift; sourceTree = "<group>"; };
		38D20DE42B684DDF00ECF628 /* UserBuilder.swift */ = {isa = PBXFileReference; lastKnownFileType = sourcecode.swift; path = UserBuilder.swift; sourceTree = "<group>"; };
		38D20DE62B684F4F00ECF628 /* UserModel.swift */ = {isa = PBXFileReference; lastKnownFileType = sourcecode.swift; path = UserModel.swift; sourceTree = "<group>"; };
		38D20DE92B6ADA7B00ECF628 /* NumberViewModel.swift */ = {isa = PBXFileReference; lastKnownFileType = sourcecode.swift; path = NumberViewModel.swift; sourceTree = "<group>"; };
		38D20DEC2B6ADCA200ECF628 /* OtpViewModel.swift */ = {isa = PBXFileReference; lastKnownFileType = sourcecode.swift; path = OtpViewModel.swift; sourceTree = "<group>"; };
		38D20DEF2B6ADF7000ECF628 /* SelectAccountViewModel.swift */ = {isa = PBXFileReference; lastKnownFileType = sourcecode.swift; path = SelectAccountViewModel.swift; sourceTree = "<group>"; };
		38FB35172B51756B00E9DA40 /* Hous.app */ = {isa = PBXFileReference; explicitFileType = wrapper.application; includeInIndex = 0; path = Hous.app; sourceTree = BUILT_PRODUCTS_DIR; };
		38FB351A2B51756B00E9DA40 /* AppDelegate.swift */ = {isa = PBXFileReference; lastKnownFileType = sourcecode.swift; path = AppDelegate.swift; sourceTree = "<group>"; };
		38FB351C2B51756B00E9DA40 /* SceneDelegate.swift */ = {isa = PBXFileReference; lastKnownFileType = sourcecode.swift; path = SceneDelegate.swift; sourceTree = "<group>"; };
		38FB351E2B51756B00E9DA40 /* FirstController.swift */ = {isa = PBXFileReference; lastKnownFileType = sourcecode.swift; path = FirstController.swift; sourceTree = "<group>"; };
		38FB35242B51756B00E9DA40 /* Hous.xcdatamodel */ = {isa = PBXFileReference; lastKnownFileType = wrapper.xcdatamodel; path = Hous.xcdatamodel; sourceTree = "<group>"; };
		38FB35262B51756C00E9DA40 /* Assets.xcassets */ = {isa = PBXFileReference; lastKnownFileType = folder.assetcatalog; path = Assets.xcassets; sourceTree = "<group>"; };
		38FB352B2B51756C00E9DA40 /* Hous.entitlements */ = {isa = PBXFileReference; lastKnownFileType = text.plist.entitlements; path = Hous.entitlements; sourceTree = "<group>"; };
		38FB352C2B51756C00E9DA40 /* Info.plist */ = {isa = PBXFileReference; lastKnownFileType = text.plist.xml; path = Info.plist; sourceTree = "<group>"; };
		38FB35312B51756C00E9DA40 /* HousTests.xctest */ = {isa = PBXFileReference; explicitFileType = wrapper.cfbundle; includeInIndex = 0; path = HousTests.xctest; sourceTree = BUILT_PRODUCTS_DIR; };
		38FB35352B51756C00E9DA40 /* HousTests.swift */ = {isa = PBXFileReference; lastKnownFileType = sourcecode.swift; path = HousTests.swift; sourceTree = "<group>"; };
		38FB353B2B51756C00E9DA40 /* HousUITests.xctest */ = {isa = PBXFileReference; explicitFileType = wrapper.cfbundle; includeInIndex = 0; path = HousUITests.xctest; sourceTree = BUILT_PRODUCTS_DIR; };
		38FB353F2B51756C00E9DA40 /* HousUITests.swift */ = {isa = PBXFileReference; lastKnownFileType = sourcecode.swift; path = HousUITests.swift; sourceTree = "<group>"; };
		38FB35412B51756C00E9DA40 /* HousUITestsLaunchTests.swift */ = {isa = PBXFileReference; lastKnownFileType = sourcecode.swift; path = HousUITestsLaunchTests.swift; sourceTree = "<group>"; };
		38FB35542B52C52A00E9DA40 /* LaunchScreen.storyboard */ = {isa = PBXFileReference; fileEncoding = 4; lastKnownFileType = file.storyboard; path = LaunchScreen.storyboard; sourceTree = "<group>"; };
		38FB35562B52C85900E9DA40 /* LaunchAnimation.json */ = {isa = PBXFileReference; fileEncoding = 4; lastKnownFileType = text.json; path = LaunchAnimation.json; sourceTree = "<group>"; };
		38FB35642B52EFD900E9DA40 /* ReusableButton.swift */ = {isa = PBXFileReference; lastKnownFileType = sourcecode.swift; path = ReusableButton.swift; sourceTree = "<group>"; };
/* End PBXFileReference section */

/* Begin PBXFrameworksBuildPhase section */
		38FB35142B51756B00E9DA40 /* Frameworks */ = {
			isa = PBXFrameworksBuildPhase;
			buildActionMask = 2147483647;
			files = (
				38FB35692B52FF0200E9DA40 /* SnapKit-Dynamic in Frameworks */,
				38FB35612B52C96A00E9DA40 /* Alamofire in Frameworks */,
				38FB35672B52FF0200E9DA40 /* SnapKit in Frameworks */,
				38FB355A2B52C94000E9DA40 /* Kingfisher in Frameworks */,
				38FB355E2B52C95A00E9DA40 /* Lottie in Frameworks */,
				38D20DC82B59440D00ECF628 /* SkyFloatingLabelTextField in Frameworks */,
			);
			runOnlyForDeploymentPostprocessing = 0;
		};
		38FB352E2B51756C00E9DA40 /* Frameworks */ = {
			isa = PBXFrameworksBuildPhase;
			buildActionMask = 2147483647;
			files = (
			);
			runOnlyForDeploymentPostprocessing = 0;
		};
		38FB35382B51756C00E9DA40 /* Frameworks */ = {
			isa = PBXFrameworksBuildPhase;
			buildActionMask = 2147483647;
			files = (
			);
			runOnlyForDeploymentPostprocessing = 0;
		};
/* End PBXFrameworksBuildPhase section */

/* Begin PBXGroup section */
		38D20DBF2B55338700ECF628 /* Extentions */ = {
			isa = PBXGroup;
			children = (
				38D20DC02B5533AE00ECF628 /* Extentions.swift */,
				38D20DC92B5BC1C600ECF628 /* String+EXT.swift */,
			);
			path = Extentions;
			sourceTree = "<group>";
		};
		38D20DCD2B659B6000ECF628 /* Personal */ = {
			isa = PBXGroup;
			children = (
				38D20DCF2B65A38400ECF628 /* PersonalAccountController.swift */,
				38D20DD32B66D13B00ECF628 /* PersonalPhotoController.swift */,
			);
			path = Personal;
			sourceTree = "<group>";
		};
		38D20DCE2B659B8400ECF628 /* Agency */ = {
			isa = PBXGroup;
			children = (
				38D20DD12B65A39700ECF628 /* AgentAccountController.swift */,
				38D20DD52B66D14B00ECF628 /* AgentPhotoController.swift */,
			);
			path = Agency;
			sourceTree = "<group>";
		};
		38D20DD92B66F7A200ECF628 /* Home */ = {
			isa = PBXGroup;
			children = (
				38D20DDE2B66F81C00ECF628 /* HomeController.swift */,
			);
			path = Home;
			sourceTree = "<group>";
		};
		38D20DDB2B66F7CA00ECF628 /* Discover */ = {
			isa = PBXGroup;
			children = (
				38D20DE02B66F82800ECF628 /* DiscoverController.swift */,
			);
			path = Discover;
			sourceTree = "<group>";
		};
		38D20DDD2B66F7DF00ECF628 /* Profile */ = {
			isa = PBXGroup;
			children = (
				38D20DE22B66F83300ECF628 /* ProfileController.swift */,
			);
			path = Profile;
			sourceTree = "<group>";
		};
		38D20DE82B6ADA4400ECF628 /* NumberScene */ = {
			isa = PBXGroup;
			children = (
				38D20DC22B58013300ECF628 /* NumberController.swift */,
				38D20DE92B6ADA7B00ECF628 /* NumberViewModel.swift */,
			);
			path = NumberScene;
			sourceTree = "<group>";
		};
		38D20DEB2B6ADC7000ECF628 /* OtpScene */ = {
			isa = PBXGroup;
			children = (
				38D20DC42B58014600ECF628 /* OtpController.swift */,
				38D20DEC2B6ADCA200ECF628 /* OtpViewModel.swift */,
			);
			path = OtpScene;
			sourceTree = "<group>";
		};
		38D20DEE2B6ADF4A00ECF628 /* AccountScene */ = {
			isa = PBXGroup;
			children = (
				38D20DCB2B5C034600ECF628 /* SelectAccountController.swift */,
				38D20DEF2B6ADF7000ECF628 /* SelectAccountViewModel.swift */,
			);
			path = AccountScene;
			sourceTree = "<group>";
		};
		38FB350E2B51756B00E9DA40 = {
			isa = PBXGroup;
			children = (
				38FB35192B51756B00E9DA40 /* Hous */,
				38FB35342B51756C00E9DA40 /* HousTests */,
				38FB353E2B51756C00E9DA40 /* HousUITests */,
				38FB35182B51756B00E9DA40 /* Products */,
			);
			sourceTree = "<group>";
		};
		38FB35182B51756B00E9DA40 /* Products */ = {
			isa = PBXGroup;
			children = (
				38FB35172B51756B00E9DA40 /* Hous.app */,
				38FB35312B51756C00E9DA40 /* HousTests.xctest */,
				38FB353B2B51756C00E9DA40 /* HousUITests.xctest */,
			);
			name = Products;
			sourceTree = "<group>";
		};
		38FB35192B51756B00E9DA40 /* Hous */ = {
			isa = PBXGroup;
			children = (
				38FB351A2B51756B00E9DA40 /* AppDelegate.swift */,
				38FB351C2B51756B00E9DA40 /* SceneDelegate.swift */,
				38D20DBF2B55338700ECF628 /* Extentions */,
				38FB35622B52D71600E9DA40 /* Scenes */,
				38FB35542B52C52A00E9DA40 /* LaunchScreen.storyboard */,
				38FB35262B51756C00E9DA40 /* Assets.xcassets */,
				38FB352B2B51756C00E9DA40 /* Hous.entitlements */,
				38FB352C2B51756C00E9DA40 /* Info.plist */,
				38FB35562B52C85900E9DA40 /* LaunchAnimation.json */,
				38FB35232B51756B00E9DA40 /* Hous.xcdatamodeld */,
			);
			path = Hous;
			sourceTree = "<group>";
		};
		38FB35342B51756C00E9DA40 /* HousTests */ = {
			isa = PBXGroup;
			children = (
				38FB35352B51756C00E9DA40 /* HousTests.swift */,
			);
			path = HousTests;
			sourceTree = "<group>";
		};
		38FB353E2B51756C00E9DA40 /* HousUITests */ = {
			isa = PBXGroup;
			children = (
				38FB353F2B51756C00E9DA40 /* HousUITests.swift */,
				38FB35412B51756C00E9DA40 /* HousUITestsLaunchTests.swift */,
			);
			path = HousUITests;
			sourceTree = "<group>";
		};
		38FB35622B52D71600E9DA40 /* Scenes */ = {
			isa = PBXGroup;
			children = (
				38FB35632B52DA5B00E9DA40 /* InitialScenes */,
			);
			path = Scenes;
			sourceTree = "<group>";
		};
		38FB35632B52DA5B00E9DA40 /* InitialScenes */ = {
			isa = PBXGroup;
			children = (
				38FB35642B52EFD900E9DA40 /* ReusableButton.swift */,
				38D20DE42B684DDF00ECF628 /* UserBuilder.swift */,
				38D20DE62B684F4F00ECF628 /* UserModel.swift */,
				38D20DD72B66F64300ECF628 /* TabViewController.swift */,
				38FB356A2B533AA600E9DA40 /* Onboarding */,
				38D20DD92B66F7A200ECF628 /* Home */,
				38D20DDB2B66F7CA00ECF628 /* Discover */,
				38D20DDD2B66F7DF00ECF628 /* Profile */,
			);
			path = InitialScenes;
			sourceTree = "<group>";
		};
		38FB356A2B533AA600E9DA40 /* Onboarding */ = {
			isa = PBXGroup;
			children = (
				38FB351E2B51756B00E9DA40 /* FirstController.swift */,
				38D20DE82B6ADA4400ECF628 /* NumberScene */,
				38D20DEB2B6ADC7000ECF628 /* OtpScene */,
				38D20DEE2B6ADF4A00ECF628 /* AccountScene */,
				38D20DCD2B659B6000ECF628 /* Personal */,
				38D20DCE2B659B8400ECF628 /* Agency */,
			);
			path = Onboarding;
			sourceTree = "<group>";
		};
/* End PBXGroup section */

/* Begin PBXNativeTarget section */
		38FB35162B51756B00E9DA40 /* Hous */ = {
			isa = PBXNativeTarget;
			buildConfigurationList = 38FB35452B51756C00E9DA40 /* Build configuration list for PBXNativeTarget "Hous" */;
			buildPhases = (
				38FB35132B51756B00E9DA40 /* Sources */,
				38FB35142B51756B00E9DA40 /* Frameworks */,
				38FB35152B51756B00E9DA40 /* Resources */,
			);
			buildRules = (
			);
			dependencies = (
			);
			name = Hous;
			packageProductDependencies = (
				38FB35592B52C94000E9DA40 /* Kingfisher */,
				38FB355D2B52C95A00E9DA40 /* Lottie */,
				38FB35602B52C96A00E9DA40 /* Alamofire */,
				38FB35662B52FF0200E9DA40 /* SnapKit */,
				38FB35682B52FF0200E9DA40 /* SnapKit-Dynamic */,
				38D20DC72B59440D00ECF628 /* SkyFloatingLabelTextField */,
			);
			productName = Hous;
			productReference = 38FB35172B51756B00E9DA40 /* Hous.app */;
			productType = "com.apple.product-type.application";
		};
		38FB35302B51756C00E9DA40 /* HousTests */ = {
			isa = PBXNativeTarget;
			buildConfigurationList = 38FB35482B51756C00E9DA40 /* Build configuration list for PBXNativeTarget "HousTests" */;
			buildPhases = (
				38FB352D2B51756C00E9DA40 /* Sources */,
				38FB352E2B51756C00E9DA40 /* Frameworks */,
				38FB352F2B51756C00E9DA40 /* Resources */,
			);
			buildRules = (
			);
			dependencies = (
				38FB35332B51756C00E9DA40 /* PBXTargetDependency */,
			);
			name = HousTests;
			productName = HousTests;
			productReference = 38FB35312B51756C00E9DA40 /* HousTests.xctest */;
			productType = "com.apple.product-type.bundle.unit-test";
		};
		38FB353A2B51756C00E9DA40 /* HousUITests */ = {
			isa = PBXNativeTarget;
			buildConfigurationList = 38FB354B2B51756C00E9DA40 /* Build configuration list for PBXNativeTarget "HousUITests" */;
			buildPhases = (
				38FB35372B51756C00E9DA40 /* Sources */,
				38FB35382B51756C00E9DA40 /* Frameworks */,
				38FB35392B51756C00E9DA40 /* Resources */,
			);
			buildRules = (
			);
			dependencies = (
				38FB353D2B51756C00E9DA40 /* PBXTargetDependency */,
			);
			name = HousUITests;
			productName = HousUITests;
			productReference = 38FB353B2B51756C00E9DA40 /* HousUITests.xctest */;
			productType = "com.apple.product-type.bundle.ui-testing";
		};
/* End PBXNativeTarget section */

/* Begin PBXProject section */
		38FB350F2B51756B00E9DA40 /* Project object */ = {
			isa = PBXProject;
			attributes = {
				BuildIndependentTargetsInParallel = 1;
				LastSwiftUpdateCheck = 1510;
				LastUpgradeCheck = 1510;
				TargetAttributes = {
					38FB35162B51756B00E9DA40 = {
						CreatedOnToolsVersion = 15.1;
					};
					38FB35302B51756C00E9DA40 = {
						CreatedOnToolsVersion = 15.1;
						TestTargetID = 38FB35162B51756B00E9DA40;
					};
					38FB353A2B51756C00E9DA40 = {
						CreatedOnToolsVersion = 15.1;
						TestTargetID = 38FB35162B51756B00E9DA40;
					};
				};
			};
			buildConfigurationList = 38FB35122B51756B00E9DA40 /* Build configuration list for PBXProject "Hous" */;
			compatibilityVersion = "Xcode 14.0";
			developmentRegion = en;
			hasScannedForEncodings = 0;
			knownRegions = (
				en,
				Base,
			);
			mainGroup = 38FB350E2B51756B00E9DA40;
			packageReferences = (
				38FB35582B52C94000E9DA40 /* XCRemoteSwiftPackageReference "Kingfisher" */,
				38FB355B2B52C94B00E9DA40 /* XCRemoteSwiftPackageReference "SnapKit" */,
				38FB355C2B52C95A00E9DA40 /* XCRemoteSwiftPackageReference "lottie-ios" */,
				38FB355F2B52C96A00E9DA40 /* XCRemoteSwiftPackageReference "Alamofire" */,
				38D20DC62B59440D00ECF628 /* XCRemoteSwiftPackageReference "SkyFloatingLabelTextField" */,
			);
			productRefGroup = 38FB35182B51756B00E9DA40 /* Products */;
			projectDirPath = "";
			projectRoot = "";
			targets = (
				38FB35162B51756B00E9DA40 /* Hous */,
				38FB35302B51756C00E9DA40 /* HousTests */,
				38FB353A2B51756C00E9DA40 /* HousUITests */,
			);
		};
/* End PBXProject section */

/* Begin PBXResourcesBuildPhase section */
		38FB35152B51756B00E9DA40 /* Resources */ = {
			isa = PBXResourcesBuildPhase;
			buildActionMask = 2147483647;
			files = (
				38FB35272B51756C00E9DA40 /* Assets.xcassets in Resources */,
				38FB35552B52C52A00E9DA40 /* LaunchScreen.storyboard in Resources */,
				38FB35572B52C85900E9DA40 /* LaunchAnimation.json in Resources */,
			);
			runOnlyForDeploymentPostprocessing = 0;
		};
		38FB352F2B51756C00E9DA40 /* Resources */ = {
			isa = PBXResourcesBuildPhase;
			buildActionMask = 2147483647;
			files = (
			);
			runOnlyForDeploymentPostprocessing = 0;
		};
		38FB35392B51756C00E9DA40 /* Resources */ = {
			isa = PBXResourcesBuildPhase;
			buildActionMask = 2147483647;
			files = (
			);
			runOnlyForDeploymentPostprocessing = 0;
		};
/* End PBXResourcesBuildPhase section */

/* Begin PBXSourcesBuildPhase section */
		38FB35132B51756B00E9DA40 /* Sources */ = {
			isa = PBXSourcesBuildPhase;
			buildActionMask = 2147483647;
			files = (
				38FB35252B51756B00E9DA40 /* Hous.xcdatamodeld in Sources */,
				38D20DD42B66D13B00ECF628 /* PersonalPhotoController.swift in Sources */,
				38FB35652B52EFD900E9DA40 /* ReusableButton.swift in Sources */,
				38D20DD82B66F64300ECF628 /* TabViewController.swift in Sources */,
				38D20DC12B5533AE00ECF628 /* Extentions.swift in Sources */,
				38D20DE32B66F83300ECF628 /* ProfileController.swift in Sources */,
				38D20DEA2B6ADA7B00ECF628 /* NumberViewModel.swift in Sources */,
				38FB351F2B51756B00E9DA40 /* FirstController.swift in Sources */,
				38D20DED2B6ADCA200ECF628 /* OtpViewModel.swift in Sources */,
				38D20DCA2B5BC1C600ECF628 /* String+EXT.swift in Sources */,
				38D20DF02B6ADF7000ECF628 /* SelectAccountViewModel.swift in Sources */,
				38FB351B2B51756B00E9DA40 /* AppDelegate.swift in Sources */,
				38D20DC52B58014600ECF628 /* OtpController.swift in Sources */,
				38D20DC32B58013300ECF628 /* NumberController.swift in Sources */,
				38FB351D2B51756B00E9DA40 /* SceneDelegate.swift in Sources */,
				38D20DE52B684DDF00ECF628 /* UserBuilder.swift in Sources */,
				38D20DD02B65A38400ECF628 /* PersonalAccountController.swift in Sources */,
				38D20DDF2B66F81C00ECF628 /* HomeController.swift in Sources */,
				38D20DCC2B5C034600ECF628 /* SelectAccountController.swift in Sources */,
				38D20DD62B66D14B00ECF628 /* AgentPhotoController.swift in Sources */,
				38D20DD22B65A39700ECF628 /* AgentAccountController.swift in Sources */,
				38D20DE72B684F4F00ECF628 /* UserModel.swift in Sources */,
				38D20DE12B66F82800ECF628 /* DiscoverController.swift in Sources */,
			);
			runOnlyForDeploymentPostprocessing = 0;
		};
		38FB352D2B51756C00E9DA40 /* Sources */ = {
			isa = PBXSourcesBuildPhase;
			buildActionMask = 2147483647;
			files = (
				38FB35362B51756C00E9DA40 /* HousTests.swift in Sources */,
			);
			runOnlyForDeploymentPostprocessing = 0;
		};
		38FB35372B51756C00E9DA40 /* Sources */ = {
			isa = PBXSourcesBuildPhase;
			buildActionMask = 2147483647;
			files = (
				38FB35402B51756C00E9DA40 /* HousUITests.swift in Sources */,
				38FB35422B51756C00E9DA40 /* HousUITestsLaunchTests.swift in Sources */,
			);
			runOnlyForDeploymentPostprocessing = 0;
		};
/* End PBXSourcesBuildPhase section */

/* Begin PBXTargetDependency section */
		38FB35332B51756C00E9DA40 /* PBXTargetDependency */ = {
			isa = PBXTargetDependency;
			target = 38FB35162B51756B00E9DA40 /* Hous */;
			targetProxy = 38FB35322B51756C00E9DA40 /* PBXContainerItemProxy */;
		};
		38FB353D2B51756C00E9DA40 /* PBXTargetDependency */ = {
			isa = PBXTargetDependency;
			target = 38FB35162B51756B00E9DA40 /* Hous */;
			targetProxy = 38FB353C2B51756C00E9DA40 /* PBXContainerItemProxy */;
		};
/* End PBXTargetDependency section */

/* Begin XCBuildConfiguration section */
		38FB35432B51756C00E9DA40 /* Debug */ = {
			isa = XCBuildConfiguration;
			buildSettings = {
				ALWAYS_SEARCH_USER_PATHS = NO;
				ASSETCATALOG_COMPILER_GENERATE_SWIFT_ASSET_SYMBOL_EXTENSIONS = YES;
				CLANG_ANALYZER_NONNULL = YES;
				CLANG_ANALYZER_NUMBER_OBJECT_CONVERSION = YES_AGGRESSIVE;
				CLANG_CXX_LANGUAGE_STANDARD = "gnu++20";
				CLANG_ENABLE_MODULES = YES;
				CLANG_ENABLE_OBJC_ARC = YES;
				CLANG_ENABLE_OBJC_WEAK = YES;
				CLANG_WARN_BLOCK_CAPTURE_AUTORELEASING = YES;
				CLANG_WARN_BOOL_CONVERSION = YES;
				CLANG_WARN_COMMA = YES;
				CLANG_WARN_CONSTANT_CONVERSION = YES;
				CLANG_WARN_DEPRECATED_OBJC_IMPLEMENTATIONS = YES;
				CLANG_WARN_DIRECT_OBJC_ISA_USAGE = YES_ERROR;
				CLANG_WARN_DOCUMENTATION_COMMENTS = YES;
				CLANG_WARN_EMPTY_BODY = YES;
				CLANG_WARN_ENUM_CONVERSION = YES;
				CLANG_WARN_INFINITE_RECURSION = YES;
				CLANG_WARN_INT_CONVERSION = YES;
				CLANG_WARN_NON_LITERAL_NULL_CONVERSION = YES;
				CLANG_WARN_OBJC_IMPLICIT_RETAIN_SELF = YES;
				CLANG_WARN_OBJC_LITERAL_CONVERSION = YES;
				CLANG_WARN_OBJC_ROOT_CLASS = YES_ERROR;
				CLANG_WARN_QUOTED_INCLUDE_IN_FRAMEWORK_HEADER = YES;
				CLANG_WARN_RANGE_LOOP_ANALYSIS = YES;
				CLANG_WARN_STRICT_PROTOTYPES = YES;
				CLANG_WARN_SUSPICIOUS_MOVE = YES;
				CLANG_WARN_UNGUARDED_AVAILABILITY = YES_AGGRESSIVE;
				CLANG_WARN_UNREACHABLE_CODE = YES;
				CLANG_WARN__DUPLICATE_METHOD_MATCH = YES;
				COPY_PHASE_STRIP = NO;
				DEBUG_INFORMATION_FORMAT = dwarf;
				ENABLE_STRICT_OBJC_MSGSEND = YES;
				ENABLE_TESTABILITY = YES;
				ENABLE_USER_SCRIPT_SANDBOXING = YES;
				GCC_C_LANGUAGE_STANDARD = gnu17;
				GCC_DYNAMIC_NO_PIC = NO;
				GCC_NO_COMMON_BLOCKS = YES;
				GCC_OPTIMIZATION_LEVEL = 0;
				GCC_PREPROCESSOR_DEFINITIONS = (
					"DEBUG=1",
					"$(inherited)",
				);
				GCC_WARN_64_TO_32_BIT_CONVERSION = YES;
				GCC_WARN_ABOUT_RETURN_TYPE = YES_ERROR;
				GCC_WARN_UNDECLARED_SELECTOR = YES;
				GCC_WARN_UNINITIALIZED_AUTOS = YES_AGGRESSIVE;
				GCC_WARN_UNUSED_FUNCTION = YES;
				GCC_WARN_UNUSED_VARIABLE = YES;
				IPHONEOS_DEPLOYMENT_TARGET = 17.2;
				LOCALIZATION_PREFERS_STRING_CATALOGS = YES;
				MTL_ENABLE_DEBUG_INFO = INCLUDE_SOURCE;
				MTL_FAST_MATH = YES;
				ONLY_ACTIVE_ARCH = YES;
				SDKROOT = iphoneos;
				SWIFT_ACTIVE_COMPILATION_CONDITIONS = "DEBUG $(inherited)";
				SWIFT_OPTIMIZATION_LEVEL = "-Onone";
			};
			name = Debug;
		};
		38FB35442B51756C00E9DA40 /* Release */ = {
			isa = XCBuildConfiguration;
			buildSettings = {
				ALWAYS_SEARCH_USER_PATHS = NO;
				ASSETCATALOG_COMPILER_GENERATE_SWIFT_ASSET_SYMBOL_EXTENSIONS = YES;
				CLANG_ANALYZER_NONNULL = YES;
				CLANG_ANALYZER_NUMBER_OBJECT_CONVERSION = YES_AGGRESSIVE;
				CLANG_CXX_LANGUAGE_STANDARD = "gnu++20";
				CLANG_ENABLE_MODULES = YES;
				CLANG_ENABLE_OBJC_ARC = YES;
				CLANG_ENABLE_OBJC_WEAK = YES;
				CLANG_WARN_BLOCK_CAPTURE_AUTORELEASING = YES;
				CLANG_WARN_BOOL_CONVERSION = YES;
				CLANG_WARN_COMMA = YES;
				CLANG_WARN_CONSTANT_CONVERSION = YES;
				CLANG_WARN_DEPRECATED_OBJC_IMPLEMENTATIONS = YES;
				CLANG_WARN_DIRECT_OBJC_ISA_USAGE = YES_ERROR;
				CLANG_WARN_DOCUMENTATION_COMMENTS = YES;
				CLANG_WARN_EMPTY_BODY = YES;
				CLANG_WARN_ENUM_CONVERSION = YES;
				CLANG_WARN_INFINITE_RECURSION = YES;
				CLANG_WARN_INT_CONVERSION = YES;
				CLANG_WARN_NON_LITERAL_NULL_CONVERSION = YES;
				CLANG_WARN_OBJC_IMPLICIT_RETAIN_SELF = YES;
				CLANG_WARN_OBJC_LITERAL_CONVERSION = YES;
				CLANG_WARN_OBJC_ROOT_CLASS = YES_ERROR;
				CLANG_WARN_QUOTED_INCLUDE_IN_FRAMEWORK_HEADER = YES;
				CLANG_WARN_RANGE_LOOP_ANALYSIS = YES;
				CLANG_WARN_STRICT_PROTOTYPES = YES;
				CLANG_WARN_SUSPICIOUS_MOVE = YES;
				CLANG_WARN_UNGUARDED_AVAILABILITY = YES_AGGRESSIVE;
				CLANG_WARN_UNREACHABLE_CODE = YES;
				CLANG_WARN__DUPLICATE_METHOD_MATCH = YES;
				COPY_PHASE_STRIP = NO;
				DEBUG_INFORMATION_FORMAT = "dwarf-with-dsym";
				ENABLE_NS_ASSERTIONS = NO;
				ENABLE_STRICT_OBJC_MSGSEND = YES;
				ENABLE_USER_SCRIPT_SANDBOXING = YES;
				GCC_C_LANGUAGE_STANDARD = gnu17;
				GCC_NO_COMMON_BLOCKS = YES;
				GCC_WARN_64_TO_32_BIT_CONVERSION = YES;
				GCC_WARN_ABOUT_RETURN_TYPE = YES_ERROR;
				GCC_WARN_UNDECLARED_SELECTOR = YES;
				GCC_WARN_UNINITIALIZED_AUTOS = YES_AGGRESSIVE;
				GCC_WARN_UNUSED_FUNCTION = YES;
				GCC_WARN_UNUSED_VARIABLE = YES;
				IPHONEOS_DEPLOYMENT_TARGET = 17.2;
				LOCALIZATION_PREFERS_STRING_CATALOGS = YES;
				MTL_ENABLE_DEBUG_INFO = NO;
				MTL_FAST_MATH = YES;
				SDKROOT = iphoneos;
				SWIFT_COMPILATION_MODE = wholemodule;
				VALIDATE_PRODUCT = YES;
			};
			name = Release;
		};
		38FB35462B51756C00E9DA40 /* Debug */ = {
			isa = XCBuildConfiguration;
			buildSettings = {
				ASSETCATALOG_COMPILER_APPICON_NAME = AppIcon;
				ASSETCATALOG_COMPILER_GLOBAL_ACCENT_COLOR_NAME = AccentColor;
				CODE_SIGN_ENTITLEMENTS = Hous/Hous.entitlements;
				CODE_SIGN_STYLE = Automatic;
				CURRENT_PROJECT_VERSION = 1;
				DEVELOPMENT_TEAM = 9JBJ9TZ7T5;
				GENERATE_INFOPLIST_FILE = YES;
				INFOPLIST_FILE = Hous/Info.plist;
				INFOPLIST_KEY_UIApplicationSupportsIndirectInputEvents = YES;
				INFOPLIST_KEY_UILaunchStoryboardName = LaunchScreen.storyboard;
				INFOPLIST_KEY_UISupportedInterfaceOrientations_iPad = "UIInterfaceOrientationPortrait UIInterfaceOrientationPortraitUpsideDown UIInterfaceOrientationLandscapeLeft UIInterfaceOrientationLandscapeRight";
				INFOPLIST_KEY_UISupportedInterfaceOrientations_iPhone = "UIInterfaceOrientationPortrait UIInterfaceOrientationLandscapeLeft UIInterfaceOrientationLandscapeRight";
				LD_RUNPATH_SEARCH_PATHS = (
					"$(inherited)",
					"@executable_path/Frameworks",
				);
				MARKETING_VERSION = 1.0;
				PRODUCT_BUNDLE_IDENTIFIER = com.ilaha.Hous;
				PRODUCT_NAME = "$(TARGET_NAME)";
				SWIFT_EMIT_LOC_STRINGS = YES;
				SWIFT_VERSION = 5.0;
				TARGETED_DEVICE_FAMILY = "1,2";
			};
			name = Debug;
		};
		38FB35472B51756C00E9DA40 /* Release */ = {
			isa = XCBuildConfiguration;
			buildSettings = {
				ASSETCATALOG_COMPILER_APPICON_NAME = AppIcon;
				ASSETCATALOG_COMPILER_GLOBAL_ACCENT_COLOR_NAME = AccentColor;
				CODE_SIGN_ENTITLEMENTS = Hous/Hous.entitlements;
				CODE_SIGN_STYLE = Automatic;
				CURRENT_PROJECT_VERSION = 1;
				DEVELOPMENT_TEAM = 9JBJ9TZ7T5;
				GENERATE_INFOPLIST_FILE = YES;
				INFOPLIST_FILE = Hous/Info.plist;
				INFOPLIST_KEY_UIApplicationSupportsIndirectInputEvents = YES;
				INFOPLIST_KEY_UILaunchStoryboardName = LaunchScreen.storyboard;
				INFOPLIST_KEY_UISupportedInterfaceOrientations_iPad = "UIInterfaceOrientationPortrait UIInterfaceOrientationPortraitUpsideDown UIInterfaceOrientationLandscapeLeft UIInterfaceOrientationLandscapeRight";
				INFOPLIST_KEY_UISupportedInterfaceOrientations_iPhone = "UIInterfaceOrientationPortrait UIInterfaceOrientationLandscapeLeft UIInterfaceOrientationLandscapeRight";
				LD_RUNPATH_SEARCH_PATHS = (
					"$(inherited)",
					"@executable_path/Frameworks",
				);
				MARKETING_VERSION = 1.0;
				PRODUCT_BUNDLE_IDENTIFIER = com.ilaha.Hous;
				PRODUCT_NAME = "$(TARGET_NAME)";
				SWIFT_EMIT_LOC_STRINGS = YES;
				SWIFT_VERSION = 5.0;
				TARGETED_DEVICE_FAMILY = "1,2";
			};
			name = Release;
		};
		38FB35492B51756C00E9DA40 /* Debug */ = {
			isa = XCBuildConfiguration;
			buildSettings = {
				ALWAYS_EMBED_SWIFT_STANDARD_LIBRARIES = YES;
				BUNDLE_LOADER = "$(TEST_HOST)";
				CODE_SIGN_STYLE = Automatic;
				CURRENT_PROJECT_VERSION = 1;
				DEVELOPMENT_TEAM = 9JBJ9TZ7T5;
				GENERATE_INFOPLIST_FILE = YES;
				IPHONEOS_DEPLOYMENT_TARGET = 17.2;
				MARKETING_VERSION = 1.0;
				PRODUCT_BUNDLE_IDENTIFIER = com.ilaha.HousTests;
				PRODUCT_NAME = "$(TARGET_NAME)";
				SWIFT_EMIT_LOC_STRINGS = NO;
				SWIFT_VERSION = 5.0;
				TARGETED_DEVICE_FAMILY = "1,2";
				TEST_HOST = "$(BUILT_PRODUCTS_DIR)/Hous.app/$(BUNDLE_EXECUTABLE_FOLDER_PATH)/Hous";
			};
			name = Debug;
		};
		38FB354A2B51756C00E9DA40 /* Release */ = {
			isa = XCBuildConfiguration;
			buildSettings = {
				ALWAYS_EMBED_SWIFT_STANDARD_LIBRARIES = YES;
				BUNDLE_LOADER = "$(TEST_HOST)";
				CODE_SIGN_STYLE = Automatic;
				CURRENT_PROJECT_VERSION = 1;
				DEVELOPMENT_TEAM = 9JBJ9TZ7T5;
				GENERATE_INFOPLIST_FILE = YES;
				IPHONEOS_DEPLOYMENT_TARGET = 17.2;
				MARKETING_VERSION = 1.0;
				PRODUCT_BUNDLE_IDENTIFIER = com.ilaha.HousTests;
				PRODUCT_NAME = "$(TARGET_NAME)";
				SWIFT_EMIT_LOC_STRINGS = NO;
				SWIFT_VERSION = 5.0;
				TARGETED_DEVICE_FAMILY = "1,2";
				TEST_HOST = "$(BUILT_PRODUCTS_DIR)/Hous.app/$(BUNDLE_EXECUTABLE_FOLDER_PATH)/Hous";
			};
			name = Release;
		};
		38FB354C2B51756C00E9DA40 /* Debug */ = {
			isa = XCBuildConfiguration;
			buildSettings = {
				ALWAYS_EMBED_SWIFT_STANDARD_LIBRARIES = YES;
				CODE_SIGN_STYLE = Automatic;
				CURRENT_PROJECT_VERSION = 1;
				DEVELOPMENT_TEAM = 9JBJ9TZ7T5;
				GENERATE_INFOPLIST_FILE = YES;
				MARKETING_VERSION = 1.0;
				PRODUCT_BUNDLE_IDENTIFIER = com.ilaha.HousUITests;
				PRODUCT_NAME = "$(TARGET_NAME)";
				SWIFT_EMIT_LOC_STRINGS = NO;
				SWIFT_VERSION = 5.0;
				TARGETED_DEVICE_FAMILY = "1,2";
				TEST_TARGET_NAME = Hous;
			};
			name = Debug;
		};
		38FB354D2B51756C00E9DA40 /* Release */ = {
			isa = XCBuildConfiguration;
			buildSettings = {
				ALWAYS_EMBED_SWIFT_STANDARD_LIBRARIES = YES;
				CODE_SIGN_STYLE = Automatic;
				CURRENT_PROJECT_VERSION = 1;
				DEVELOPMENT_TEAM = 9JBJ9TZ7T5;
				GENERATE_INFOPLIST_FILE = YES;
				MARKETING_VERSION = 1.0;
				PRODUCT_BUNDLE_IDENTIFIER = com.ilaha.HousUITests;
				PRODUCT_NAME = "$(TARGET_NAME)";
				SWIFT_EMIT_LOC_STRINGS = NO;
				SWIFT_VERSION = 5.0;
				TARGETED_DEVICE_FAMILY = "1,2";
				TEST_TARGET_NAME = Hous;
			};
			name = Release;
		};
/* End XCBuildConfiguration section */

/* Begin XCConfigurationList section */
		38FB35122B51756B00E9DA40 /* Build configuration list for PBXProject "Hous" */ = {
			isa = XCConfigurationList;
			buildConfigurations = (
				38FB35432B51756C00E9DA40 /* Debug */,
				38FB35442B51756C00E9DA40 /* Release */,
			);
			defaultConfigurationIsVisible = 0;
			defaultConfigurationName = Release;
		};
		38FB35452B51756C00E9DA40 /* Build configuration list for PBXNativeTarget "Hous" */ = {
			isa = XCConfigurationList;
			buildConfigurations = (
				38FB35462B51756C00E9DA40 /* Debug */,
				38FB35472B51756C00E9DA40 /* Release */,
			);
			defaultConfigurationIsVisible = 0;
			defaultConfigurationName = Release;
		};
		38FB35482B51756C00E9DA40 /* Build configuration list for PBXNativeTarget "HousTests" */ = {
			isa = XCConfigurationList;
			buildConfigurations = (
				38FB35492B51756C00E9DA40 /* Debug */,
				38FB354A2B51756C00E9DA40 /* Release */,
			);
			defaultConfigurationIsVisible = 0;
			defaultConfigurationName = Release;
		};
		38FB354B2B51756C00E9DA40 /* Build configuration list for PBXNativeTarget "HousUITests" */ = {
			isa = XCConfigurationList;
			buildConfigurations = (
				38FB354C2B51756C00E9DA40 /* Debug */,
				38FB354D2B51756C00E9DA40 /* Release */,
			);
			defaultConfigurationIsVisible = 0;
			defaultConfigurationName = Release;
		};
/* End XCConfigurationList section */

/* Begin XCRemoteSwiftPackageReference section */
		38D20DC62B59440D00ECF628 /* XCRemoteSwiftPackageReference "SkyFloatingLabelTextField" */ = {
			isa = XCRemoteSwiftPackageReference;
			repositoryURL = "https://github.com/Skyscanner/SkyFloatingLabelTextField.git";
			requirement = {
				kind = upToNextMajorVersion;
				minimumVersion = 4.0.0;
			};
		};
		38FB35582B52C94000E9DA40 /* XCRemoteSwiftPackageReference "Kingfisher" */ = {
			isa = XCRemoteSwiftPackageReference;
			repositoryURL = "https://github.com/onevcat/Kingfisher.git";
			requirement = {
				kind = upToNextMajorVersion;
				minimumVersion = 7.10.2;
			};
		};
		38FB355B2B52C94B00E9DA40 /* XCRemoteSwiftPackageReference "SnapKit" */ = {
			isa = XCRemoteSwiftPackageReference;
			repositoryURL = "https://github.com/SnapKit/SnapKit.git";
			requirement = {
				kind = upToNextMajorVersion;
				minimumVersion = 5.7.0;
			};
		};
		38FB355C2B52C95A00E9DA40 /* XCRemoteSwiftPackageReference "lottie-ios" */ = {
			isa = XCRemoteSwiftPackageReference;
			repositoryURL = "https://github.com/airbnb/lottie-ios.git";
			requirement = {
				kind = upToNextMajorVersion;
				minimumVersion = 4.3.4;
			};
		};
		38FB355F2B52C96A00E9DA40 /* XCRemoteSwiftPackageReference "Alamofire" */ = {
			isa = XCRemoteSwiftPackageReference;
			repositoryURL = "https://github.com/Alamofire/Alamofire.git";
			requirement = {
				kind = upToNextMajorVersion;
				minimumVersion = 5.8.1;
			};
		};
/* End XCRemoteSwiftPackageReference section */

/* Begin XCSwiftPackageProductDependency section */
		38D20DC72B59440D00ECF628 /* SkyFloatingLabelTextField */ = {
			isa = XCSwiftPackageProductDependency;
			package = 38D20DC62B59440D00ECF628 /* XCRemoteSwiftPackageReference "SkyFloatingLabelTextField" */;
			productName = SkyFloatingLabelTextField;
		};
		38FB35592B52C94000E9DA40 /* Kingfisher */ = {
			isa = XCSwiftPackageProductDependency;
			package = 38FB35582B52C94000E9DA40 /* XCRemoteSwiftPackageReference "Kingfisher" */;
			productName = Kingfisher;
		};
		38FB355D2B52C95A00E9DA40 /* Lottie */ = {
			isa = XCSwiftPackageProductDependency;
			package = 38FB355C2B52C95A00E9DA40 /* XCRemoteSwiftPackageReference "lottie-ios" */;
			productName = Lottie;
		};
		38FB35602B52C96A00E9DA40 /* Alamofire */ = {
			isa = XCSwiftPackageProductDependency;
			package = 38FB355F2B52C96A00E9DA40 /* XCRemoteSwiftPackageReference "Alamofire" */;
			productName = Alamofire;
		};
		38FB35662B52FF0200E9DA40 /* SnapKit */ = {
			isa = XCSwiftPackageProductDependency;
			package = 38FB355B2B52C94B00E9DA40 /* XCRemoteSwiftPackageReference "SnapKit" */;
			productName = SnapKit;
		};
		38FB35682B52FF0200E9DA40 /* SnapKit-Dynamic */ = {
			isa = XCSwiftPackageProductDependency;
			package = 38FB355B2B52C94B00E9DA40 /* XCRemoteSwiftPackageReference "SnapKit" */;
			productName = "SnapKit-Dynamic";
		};
/* End XCSwiftPackageProductDependency section */

/* Begin XCVersionGroup section */
		38FB35232B51756B00E9DA40 /* Hous.xcdatamodeld */ = {
			isa = XCVersionGroup;
			children = (
				38FB35242B51756B00E9DA40 /* Hous.xcdatamodel */,
			);
			currentVersion = 38FB35242B51756B00E9DA40 /* Hous.xcdatamodel */;
			path = Hous.xcdatamodeld;
			sourceTree = "<group>";
			versionGroupType = wrapper.xcdatamodel;
		};
/* End XCVersionGroup section */
	};
	rootObject = 38FB350F2B51756B00E9DA40 /* Project object */;
}
